// !$*UTF8*$!
{
	archiveVersion = 1;
	classes = {
	};
	objectVersion = 77;
	objects = {

/* Begin PBXContainerItemProxy section */
		DE4FF9212CA92B3A001338CD /* PBXContainerItemProxy */ = {
			isa = PBXContainerItemProxy;
			containerPortal = DE4FF9082CA92B39001338CD /* Project object */;
			proxyType = 1;
			remoteGlobalIDString = DE4FF90F2CA92B39001338CD;
			remoteInfo = "Ruba's profile";
		};
		DE4FF92B2CA92B3A001338CD /* PBXContainerItemProxy */ = {
			isa = PBXContainerItemProxy;
			containerPortal = DE4FF9082CA92B39001338CD /* Project object */;
			proxyType = 1;
			remoteGlobalIDString = DE4FF90F2CA92B39001338CD;
			remoteInfo = "Ruba's profile";
		};
/* End PBXContainerItemProxy section */

/* Begin PBXFileReference section */
		DE4FF9102CA92B39001338CD /* Ruba's profile.app */ = {isa = PBXFileReference; explicitFileType = wrapper.application; includeInIndex = 0; path = "Ruba's profile.app"; sourceTree = BUILT_PRODUCTS_DIR; };
		DE4FF9202CA92B3A001338CD /* Ruba's profileTests.xctest */ = {isa = PBXFileReference; explicitFileType = wrapper.cfbundle; includeInIndex = 0; path = "Ruba's profileTests.xctest"; sourceTree = BUILT_PRODUCTS_DIR; };
		DE4FF92A2CA92B3A001338CD /* Ruba's profileUITests.xctest */ = {isa = PBXFileReference; explicitFileType = wrapper.cfbundle; includeInIndex = 0; path = "Ruba's profileUITests.xctest"; sourceTree = BUILT_PRODUCTS_DIR; };
/* End PBXFileReference section */

/* Begin PBXFileSystemSynchronizedRootGroup section */
		DE4FF9122CA92B39001338CD /* Ruba's profile */ = {
			isa = PBXFileSystemSynchronizedRootGroup;
			path = "Ruba's profile";
			sourceTree = "<group>";
		};
		DE4FF9232CA92B3A001338CD /* Ruba's profileTests */ = {
			isa = PBXFileSystemSynchronizedRootGroup;
			path = "Ruba's profileTests";
			sourceTree = "<group>";
		};
		DE4FF92D2CA92B3A001338CD /* Ruba's profileUITests */ = {
			isa = PBXFileSystemSynchronizedRootGroup;
			path = "Ruba's profileUITests";
			sourceTree = "<group>";
		};
/* End PBXFileSystemSynchronizedRootGroup section */

/* Begin PBXFrameworksBuildPhase section */
		DE4FF90D2CA92B39001338CD /* Frameworks */ = {
			isa = PBXFrameworksBuildPhase;
			buildActionMask = 2147483647;
			files = (
			);
			runOnlyForDeploymentPostprocessing = 0;
		};
		DE4FF91D2CA92B3A001338CD /* Frameworks */ = {
			isa = PBXFrameworksBuildPhase;
			buildActionMask = 2147483647;
			files = (
			);
			runOnlyForDeploymentPostprocessing = 0;
		};
		DE4FF9272CA92B3A001338CD /* Frameworks */ = {
			isa = PBXFrameworksBuildPhase;
			buildActionMask = 2147483647;
			files = (
			);
			runOnlyForDeploymentPostprocessing = 0;
		};
/* End PBXFrameworksBuildPhase section */

/* Begin PBXGroup section */
		DE4FF9072CA92B39001338CD = {
			isa = PBXGroup;
			children = (
				DE4FF9122CA92B39001338CD /* Ruba's profile */,
				DE4FF9232CA92B3A001338CD /* Ruba's profileTests */,
				DE4FF92D2CA92B3A001338CD /* Ruba's profileUITests */,
				DE4FF9112CA92B39001338CD /* Products */,
			);
			sourceTree = "<group>";
		};
		DE4FF9112CA92B39001338CD /* Products */ = {
			isa = PBXGroup;
			children = (
				DE4FF9102CA92B39001338CD /* Ruba's profile.app */,
				DE4FF9202CA92B3A001338CD /* Ruba's profileTests.xctest */,
				DE4FF92A2CA92B3A001338CD /* Ruba's profileUITests.xctest */,
			);
			name = Products;
			sourceTree = "<group>";
		};
/* End PBXGroup section */

/* Begin PBXNativeTarget section */
		DE4FF90F2CA92B39001338CD /* Ruba's profile */ = {
			isa = PBXNativeTarget;
			buildConfigurationList = DE4FF9342CA92B3A001338CD /* Build configuration list for PBXNativeTarget "Ruba's profile" */;
			buildPhases = (
				DE4FF90C2CA92B39001338CD /* Sources */,
				DE4FF90D2CA92B39001338CD /* Frameworks */,
				DE4FF90E2CA92B39001338CD /* Resources */,
			);
			buildRules = (
			);
			dependencies = (
			);
			fileSystemSynchronizedGroups = (
				DE4FF9122CA92B39001338CD /* Ruba's profile */,
			);
			name = "Ruba's profile";
			packageProductDependencies = (
			);
			productName = "Ruba's profile";
			productReference = DE4FF9102CA92B39001338CD /* Ruba's profile.app */;
			productType = "com.apple.product-type.application";
		};
		DE4FF91F2CA92B3A001338CD /* Ruba's profileTests */ = {
			isa = PBXNativeTarget;
			buildConfigurationList = DE4FF9372CA92B3A001338CD /* Build configuration list for PBXNativeTarget "Ruba's profileTests" */;
			buildPhases = (
				DE4FF91C2CA92B3A001338CD /* Sources */,
				DE4FF91D2CA92B3A001338CD /* Frameworks */,
				DE4FF91E2CA92B3A001338CD /* Resources */,
			);
			buildRules = (
			);
			dependencies = (
				DE4FF9222CA92B3A001338CD /* PBXTargetDependency */,
			);
			fileSystemSynchronizedGroups = (
				DE4FF9232CA92B3A001338CD /* Ruba's profileTests */,
			);
			name = "Ruba's profileTests";
			packageProductDependencies = (
			);
			productName = "Ruba's profileTests";
			productReference = DE4FF9202CA92B3A001338CD /* Ruba's profileTests.xctest */;
			productType = "com.apple.product-type.bundle.unit-test";
		};
		DE4FF9292CA92B3A001338CD /* Ruba's profileUITests */ = {
			isa = PBXNativeTarget;
			buildConfigurationList = DE4FF93A2CA92B3A001338CD /* Build configuration list for PBXNativeTarget "Ruba's profileUITests" */;
			buildPhases = (
				DE4FF9262CA92B3A001338CD /* Sources */,
				DE4FF9272CA92B3A001338CD /* Frameworks */,
				DE4FF9282CA92B3A001338CD /* Resources */,
			);
			buildRules = (
			);
			dependencies = (
				DE4FF92C2CA92B3A001338CD /* PBXTargetDependency */,
			);
			fileSystemSynchronizedGroups = (
				DE4FF92D2CA92B3A001338CD /* Ruba's profileUITests */,
			);
			name = "Ruba's profileUITests";
			packageProductDependencies = (
			);
			productName = "Ruba's profileUITests";
			productReference = DE4FF92A2CA92B3A001338CD /* Ruba's profileUITests.xctest */;
			productType = "com.apple.product-type.bundle.ui-testing";
		};
/* End PBXNativeTarget section */

/* Begin PBXProject section */
		DE4FF9082CA92B39001338CD /* Project object */ = {
			isa = PBXProject;
			attributes = {
				BuildIndependentTargetsInParallel = 1;
				LastSwiftUpdateCheck = 1600;
				LastUpgradeCheck = 1600;
				TargetAttributes = {
					DE4FF90F2CA92B39001338CD = {
						CreatedOnToolsVersion = 16.0;
					};
					DE4FF91F2CA92B3A001338CD = {
						CreatedOnToolsVersion = 16.0;
						TestTargetID = DE4FF90F2CA92B39001338CD;
					};
					DE4FF9292CA92B3A001338CD = {
						CreatedOnToolsVersion = 16.0;
						TestTargetID = DE4FF90F2CA92B39001338CD;
					};
				};
			};
			buildConfigurationList = DE4FF90B2CA92B39001338CD /* Build configuration list for PBXProject "Ruba's profile" */;
			developmentRegion = en;
			hasScannedForEncodings = 0;
			knownRegions = (
				en,
				Base,
			);
			mainGroup = DE4FF9072CA92B39001338CD;
			minimizedProjectReferenceProxies = 1;
			preferredProjectObjectVersion = 77;
			productRefGroup = DE4FF9112CA92B39001338CD /* Products */;
			projectDirPath = "";
			projectRoot = "";
			targets = (
				DE4FF90F2CA92B39001338CD /* Ruba's profile */,
				DE4FF91F2CA92B3A001338CD /* Ruba's profileTests */,
				DE4FF9292CA92B3A001338CD /* Ruba's profileUITests */,
			);
		};
/* End PBXProject section */

/* Begin PBXResourcesBuildPhase section */
		DE4FF90E2CA92B39001338CD /* Resources */ = {
			isa = PBXResourcesBuildPhase;
			buildActionMask = 2147483647;
			files = (
			);
			runOnlyForDeploymentPostprocessing = 0;
		};
		DE4FF91E2CA92B3A001338CD /* Resources */ = {
			isa = PBXResourcesBuildPhase;
			buildActionMask = 2147483647;
			files = (
			);
			runOnlyForDeploymentPostprocessing = 0;
		};
		DE4FF9282CA92B3A001338CD /* Resources */ = {
			isa = PBXResourcesBuildPhase;
			buildActionMask = 2147483647;
			files = (
			);
			runOnlyForDeploymentPostprocessing = 0;
		};
/* End PBXResourcesBuildPhase section */

/* Begin PBXSourcesBuildPhase section */
		DE4FF90C2CA92B39001338CD /* Sources */ = {
			isa = PBXSourcesBuildPhase;
			buildActionMask = 2147483647;
			files = (
			);
			runOnlyForDeploymentPostprocessing = 0;
		};
		DE4FF91C2CA92B3A001338CD /* Sources */ = {
			isa = PBXSourcesBuildPhase;
			buildActionMask = 2147483647;
			files = (
			);
			runOnlyForDeploymentPostprocessing = 0;
		};
		DE4FF9262CA92B3A001338CD /* Sources */ = {
			isa = PBXSourcesBuildPhase;
			buildActionMask = 2147483647;
			files = (
			);
			runOnlyForDeploymentPostprocessing = 0;
		};
/* End PBXSourcesBuildPhase section */

/* Begin PBXTargetDependency section */
		DE4FF9222CA92B3A001338CD /* PBXTargetDependency */ = {
			isa = PBXTargetDependency;
			target = DE4FF90F2CA92B39001338CD /* Ruba's profile */;
			targetProxy = DE4FF9212CA92B3A001338CD /* PBXContainerItemProxy */;
		};
		DE4FF92C2CA92B3A001338CD /* PBXTargetDependency */ = {
			isa = PBXTargetDependency;
			target = DE4FF90F2CA92B39001338CD /* Ruba's profile */;
			targetProxy = DE4FF92B2CA92B3A001338CD /* PBXContainerItemProxy */;
		};
/* End PBXTargetDependency section */

/* Begin XCBuildConfiguration section */
		DE4FF9322CA92B3A001338CD /* Debug */ = {
			isa = XCBuildConfiguration;
			buildSettings = {
				ALWAYS_SEARCH_USER_PATHS = NO;
				ASSETCATALOG_COMPILER_GENERATE_SWIFT_ASSET_SYMBOL_EXTENSIONS = YES;
				CLANG_ANALYZER_NONNULL = YES;
				CLANG_ANALYZER_NUMBER_OBJECT_CONVERSION = YES_AGGRESSIVE;
				CLANG_CXX_LANGUAGE_STANDARD = "gnu++20";
				CLANG_ENABLE_MODULES = YES;
				CLANG_ENABLE_OBJC_ARC = YES;
				CLANG_ENABLE_OBJC_WEAK = YES;
				CLANG_WARN_BLOCK_CAPTURE_AUTORELEASING = YES;
				CLANG_WARN_BOOL_CONVERSION = YES;
				CLANG_WARN_COMMA = YES;
				CLANG_WARN_CONSTANT_CONVERSION = YES;
				CLANG_WARN_DEPRECATED_OBJC_IMPLEMENTATIONS = YES;
				CLANG_WARN_DIRECT_OBJC_ISA_USAGE = YES_ERROR;
				CLANG_WARN_DOCUMENTATION_COMMENTS = YES;
				CLANG_WARN_EMPTY_BODY = YES;
				CLANG_WARN_ENUM_CONVERSION = YES;
				CLANG_WARN_INFINITE_RECURSION = YES;
				CLANG_WARN_INT_CONVERSION = YES;
				CLANG_WARN_NON_LITERAL_NULL_CONVERSION = YES;
				CLANG_WARN_OBJC_IMPLICIT_RETAIN_SELF = YES;
				CLANG_WARN_OBJC_LITERAL_CONVERSION = YES;
				CLANG_WARN_OBJC_ROOT_CLASS = YES_ERROR;
				CLANG_WARN_QUOTED_INCLUDE_IN_FRAMEWORK_HEADER = YES;
				CLANG_WARN_RANGE_LOOP_ANALYSIS = YES;
				CLANG_WARN_STRICT_PROTOTYPES = YES;
				CLANG_WARN_SUSPICIOUS_MOVE = YES;
				CLANG_WARN_UNGUARDED_AVAILABILITY = YES_AGGRESSIVE;
				CLANG_WARN_UNREACHABLE_CODE = YES;
				CLANG_WARN__DUPLICATE_METHOD_MATCH = YES;
				COPY_PHASE_STRIP = NO;
				DEBUG_INFORMATION_FORMAT = dwarf;
				ENABLE_STRICT_OBJC_MSGSEND = YES;
				ENABLE_TESTABILITY = YES;
				ENABLE_USER_SCRIPT_SANDBOXING = YES;
				GCC_C_LANGUAGE_STANDARD = gnu17;
				GCC_DYNAMIC_NO_PIC = NO;
				GCC_NO_COMMON_BLOCKS = YES;
				GCC_OPTIMIZATION_LEVEL = 0;
				GCC_PREPROCESSOR_DEFINITIONS = (
					"DEBUG=1",
					"$(inherited)",
				);
				GCC_WARN_64_TO_32_BIT_CONVERSION = YES;
				GCC_WARN_ABOUT_RETURN_TYPE = YES_ERROR;
				GCC_WARN_UNDECLARED_SELECTOR = YES;
				GCC_WARN_UNINITIALIZED_AUTOS = YES_AGGRESSIVE;
				GCC_WARN_UNUSED_FUNCTION = YES;
				GCC_WARN_UNUSED_VARIABLE = YES;
				IPHONEOS_DEPLOYMENT_TARGET = 18.0;
				LOCALIZATION_PREFERS_STRING_CATALOGS = YES;
				MTL_ENABLE_DEBUG_INFO = INCLUDE_SOURCE;
				MTL_FAST_MATH = YES;
				ONLY_ACTIVE_ARCH = YES;
				SDKROOT = iphoneos;
				SWIFT_ACTIVE_COMPILATION_CONDITIONS = "DEBUG $(inherited)";
				SWIFT_OPTIMIZATION_LEVEL = "-Onone";
			};
			name = Debug;
		};
		DE4FF9332CA92B3A001338CD /* Release */ = {
			isa = XCBuildConfiguration;
			buildSettings = {
				ALWAYS_SEARCH_USER_PATHS = NO;
				ASSETCATALOG_COMPILER_GENERATE_SWIFT_ASSET_SYMBOL_EXTENSIONS = YES;
				CLANG_ANALYZER_NONNULL = YES;
				CLANG_ANALYZER_NUMBER_OBJECT_CONVERSION = YES_AGGRESSIVE;
				CLANG_CXX_LANGUAGE_STANDARD = "gnu++20";
				CLANG_ENABLE_MODULES = YES;
				CLANG_ENABLE_OBJC_ARC = YES;
				CLANG_ENABLE_OBJC_WEAK = YES;
				CLANG_WARN_BLOCK_CAPTURE_AUTORELEASING = YES;
				CLANG_WARN_BOOL_CONVERSION = YES;
				CLANG_WARN_COMMA = YES;
				CLANG_WARN_CONSTANT_CONVERSION = YES;
				CLANG_WARN_DEPRECATED_OBJC_IMPLEMENTATIONS = YES;
				CLANG_WARN_DIRECT_OBJC_ISA_USAGE = YES_ERROR;
				CLANG_WARN_DOCUMENTATION_COMMENTS = YES;
				CLANG_WARN_EMPTY_BODY = YES;
				CLANG_WARN_ENUM_CONVERSION = YES;
				CLANG_WARN_INFINITE_RECURSION = YES;
				CLANG_WARN_INT_CONVERSION = YES;
				CLANG_WARN_NON_LITERAL_NULL_CONVERSION = YES;
				CLANG_WARN_OBJC_IMPLICIT_RETAIN_SELF = YES;
				CLANG_WARN_OBJC_LITERAL_CONVERSION = YES;
				CLANG_WARN_OBJC_ROOT_CLASS = YES_ERROR;
				CLANG_WARN_QUOTED_INCLUDE_IN_FRAMEWORK_HEADER = YES;
				CLANG_WARN_RANGE_LOOP_ANALYSIS = YES;
				CLANG_WARN_STRICT_PROTOTYPES = YES;
				CLANG_WARN_SUSPICIOUS_MOVE = YES;
				CLANG_WARN_UNGUARDED_AVAILABILITY = YES_AGGRESSIVE;
				CLANG_WARN_UNREACHABLE_CODE = YES;
				CLANG_WARN__DUPLICATE_METHOD_MATCH = YES;
				COPY_PHASE_STRIP = NO;
				DEBUG_INFORMATION_FORMAT = "dwarf-with-dsym";
				ENABLE_NS_ASSERTIONS = NO;
				ENABLE_STRICT_OBJC_MSGSEND = YES;
				ENABLE_USER_SCRIPT_SANDBOXING = YES;
				GCC_C_LANGUAGE_STANDARD = gnu17;
				GCC_NO_COMMON_BLOCKS = YES;
				GCC_WARN_64_TO_32_BIT_CONVERSION = YES;
				GCC_WARN_ABOUT_RETURN_TYPE = YES_ERROR;
				GCC_WARN_UNDECLARED_SELECTOR = YES;
				GCC_WARN_UNINITIALIZED_AUTOS = YES_AGGRESSIVE;
				GCC_WARN_UNUSED_FUNCTION = YES;
				GCC_WARN_UNUSED_VARIABLE = YES;
				IPHONEOS_DEPLOYMENT_TARGET = 18.0;
				LOCALIZATION_PREFERS_STRING_CATALOGS = YES;
				MTL_ENABLE_DEBUG_INFO = NO;
				MTL_FAST_MATH = YES;
				SDKROOT = iphoneos;
				SWIFT_COMPILATION_MODE = wholemodule;
				VALIDATE_PRODUCT = YES;
			};
			name = Release;
		};
		DE4FF9352CA92B3A001338CD /* Debug */ = {
			isa = XCBuildConfiguration;
			buildSettings = {
				ASSETCATALOG_COMPILER_APPICON_NAME = AppIcon;
				ASSETCATALOG_COMPILER_GLOBAL_ACCENT_COLOR_NAME = AccentColor;
				CODE_SIGN_STYLE = Automatic;
				CURRENT_PROJECT_VERSION = 1;
				DEVELOPMENT_ASSET_PATHS = "\"Ruba's profile/Preview Content\"";
				ENABLE_PREVIEWS = YES;
				GENERATE_INFOPLIST_FILE = YES;
				INFOPLIST_KEY_UIApplicationSceneManifest_Generation = YES;
				INFOPLIST_KEY_UIApplicationSupportsIndirectInputEvents = YES;
				INFOPLIST_KEY_UILaunchScreen_Generation = YES;
				INFOPLIST_KEY_UISupportedInterfaceOrientations_iPad = "UIInterfaceOrientationPortrait UIInterfaceOrientationPortraitUpsideDown UIInterfaceOrientationLandscapeLeft UIInterfaceOrientationLandscapeRight";
				INFOPLIST_KEY_UISupportedInterfaceOrientations_iPhone = "UIInterfaceOrientationPortrait UIInterfaceOrientationLandscapeLeft UIInterfaceOrientationLandscapeRight";
				LD_RUNPATH_SEARCH_PATHS = (
					"$(inherited)",
					"@executable_path/Frameworks",
				);
				MARKETING_VERSION = 1.0;
				PRODUCT_BUNDLE_IDENTIFIER = "com.ruba.Ruba-s-profile";
				PRODUCT_NAME = "$(TARGET_NAME)";
				SWIFT_EMIT_LOC_STRINGS = YES;
				SWIFT_VERSION = 5.0;
				TARGETED_DEVICE_FAMILY = "1,2";
			};
			name = Debug;
		};
		DE4FF9362CA92B3A001338CD /* Release */ = {
			isa = XCBuildConfiguration;
			buildSettings = {
				ASSETCATALOG_COMPILER_APPICON_NAME = AppIcon;
				ASSETCATALOG_COMPILER_GLOBAL_ACCENT_COLOR_NAME = AccentColor;
				CODE_SIGN_STYLE = Automatic;
				CURRENT_PROJECT_VERSION = 1;
				DEVELOPMENT_ASSET_PATHS = "\"Ruba's profile/Preview Content\"";
				ENABLE_PREVIEWS = YES;
				GENERATE_INFOPLIST_FILE = YES;
				INFOPLIST_KEY_UIApplicationSceneManifest_Generation = YES;
				INFOPLIST_KEY_UIApplicationSupportsIndirectInputEvents = YES;
				INFOPLIST_KEY_UILaunchScreen_Generation = YES;
				INFOPLIST_KEY_UISupportedInterfaceOrientations_iPad = "UIInterfaceOrientationPortrait UIInterfaceOrientationPortraitUpsideDown UIInterfaceOrientationLandscapeLeft UIInterfaceOrientationLandscapeRight";
				INFOPLIST_KEY_UISupportedInterfaceOrientations_iPhone = "UIInterfaceOrientationPortrait UIInterfaceOrientationLandscapeLeft UIInterfaceOrientationLandscapeRight";
				LD_RUNPATH_SEARCH_PATHS = (
					"$(inherited)",
					"@executable_path/Frameworks",
				);
				MARKETING_VERSION = 1.0;
				PRODUCT_BUNDLE_IDENTIFIER = "com.ruba.Ruba-s-profile";
				PRODUCT_NAME = "$(TARGET_NAME)";
				SWIFT_EMIT_LOC_STRINGS = YES;
				SWIFT_VERSION = 5.0;
				TARGETED_DEVICE_FAMILY = "1,2";
			};
			name = Release;
		};
		DE4FF9382CA92B3A001338CD /* Debug */ = {
			isa = XCBuildConfiguration;
			buildSettings = {
				BUNDLE_LOADER = "$(TEST_HOST)";
				CODE_SIGN_STYLE = Automatic;
				CURRENT_PROJECT_VERSION = 1;
				GENERATE_INFOPLIST_FILE = YES;
				IPHONEOS_DEPLOYMENT_TARGET = 18.0;
				MARKETING_VERSION = 1.0;
				PRODUCT_BUNDLE_IDENTIFIER = "com.ruba.Ruba-s-profileTests";
				PRODUCT_NAME = "$(TARGET_NAME)";
				SWIFT_EMIT_LOC_STRINGS = NO;
				SWIFT_VERSION = 5.0;
				TARGETED_DEVICE_FAMILY = "1,2";
				TEST_HOST = "$(BUILT_PRODUCTS_DIR)/Ruba's profile.app/$(BUNDLE_EXECUTABLE_FOLDER_PATH)/Ruba's profile";
			};
			name = Debug;
		};
		DE4FF9392CA92B3A001338CD /* Release */ = {
			isa = XCBuildConfiguration;
			buildSettings = {
				BUNDLE_LOADER = "$(TEST_HOST)";
				CODE_SIGN_STYLE = Automatic;
				CURRENT_PROJECT_VERSION = 1;
				GENERATE_INFOPLIST_FILE = YES;
				IPHONEOS_DEPLOYMENT_TARGET = 18.0;
				MARKETING_VERSION = 1.0;
				PRODUCT_BUNDLE_IDENTIFIER = "com.ruba.Ruba-s-profileTests";
				PRODUCT_NAME = "$(TARGET_NAME)";
				SWIFT_EMIT_LOC_STRINGS = NO;
				SWIFT_VERSION = 5.0;
				TARGETED_DEVICE_FAMILY = "1,2";
				TEST_HOST = "$(BUILT_PRODUCTS_DIR)/Ruba's profile.app/$(BUNDLE_EXECUTABLE_FOLDER_PATH)/Ruba's profile";
			};
			name = Release;
		};
		DE4FF93B2CA92B3A001338CD /* Debug */ = {
			isa = XCBuildConfiguration;
			buildSettings = {
				CODE_SIGN_STYLE = Automatic;
				CURRENT_PROJECT_VERSION = 1;
				GENERATE_INFOPLIST_FILE = YES;
				MARKETING_VERSION = 1.0;
				PRODUCT_BUNDLE_IDENTIFIER = "com.ruba.Ruba-s-profileUITests";
				PRODUCT_NAME = "$(TARGET_NAME)";
				SWIFT_EMIT_LOC_STRINGS = NO;
				SWIFT_VERSION = 5.0;
				TARGETED_DEVICE_FAMILY = "1,2";
				TEST_TARGET_NAME = "Ruba's profile";
			};
			name = Debug;
		};
		DE4FF93C2CA92B3A001338CD /* Release */ = {
			isa = XCBuildConfiguration;
			buildSettings = {
				CODE_SIGN_STYLE = Automatic;
				CURRENT_PROJECT_VERSION = 1;
				GENERATE_INFOPLIST_FILE = YES;
				MARKETING_VERSION = 1.0;
				PRODUCT_BUNDLE_IDENTIFIER = "com.ruba.Ruba-s-profileUITests";
				PRODUCT_NAME = "$(TARGET_NAME)";
				SWIFT_EMIT_LOC_STRINGS = NO;
				SWIFT_VERSION = 5.0;
				TARGETED_DEVICE_FAMILY = "1,2";
				TEST_TARGET_NAME = "Ruba's profile";
			};
			name = Release;
		};
/* End XCBuildConfiguration section */

/* Begin XCConfigurationList section */
		DE4FF90B2CA92B39001338CD /* Build configuration list for PBXProject "Ruba's profile" */ = {
			isa = XCConfigurationList;
			buildConfigurations = (
				DE4FF9322CA92B3A001338CD /* Debug */,
				DE4FF9332CA92B3A001338CD /* Release */,
			);
			defaultConfigurationIsVisible = 0;
			defaultConfigurationName = Release;
		};
		DE4FF9342CA92B3A001338CD /* Build configuration list for PBXNativeTarget "Ruba's profile" */ = {
			isa = XCConfigurationList;
			buildConfigurations = (
				DE4FF9352CA92B3A001338CD /* Debug */,
				DE4FF9362CA92B3A001338CD /* Release */,
			);
			defaultConfigurationIsVisible = 0;
			defaultConfigurationName = Release;
		};
		DE4FF9372CA92B3A001338CD /* Build configuration list for PBXNativeTarget "Ruba's profileTests" */ = {
			isa = XCConfigurationList;
			buildConfigurations = (
				DE4FF9382CA92B3A001338CD /* Debug */,
				DE4FF9392CA92B3A001338CD /* Release */,
			);
			defaultConfigurationIsVisible = 0;
			defaultConfigurationName = Release;
		};
		DE4FF93A2CA92B3A001338CD /* Build configuration list for PBXNativeTarget "Ruba's profileUITests" */ = {
			isa = XCConfigurationList;
			buildConfigurations = (
				DE4FF93B2CA92B3A001338CD /* Debug */,
				DE4FF93C2CA92B3A001338CD /* Release */,
			);
			defaultConfigurationIsVisible = 0;
			defaultConfigurationName = Release;
		};
/* End XCConfigurationList section */
	};
	rootObject = DE4FF9082CA92B39001338CD /* Project object */;
}
